<?xml version="1.0" encoding="utf-8"?>
<Project ToolsVersion="4.0" xmlns="http://schemas.microsoft.com/developer/msbuild/2003">
  <ItemGroup>
    <Filter Include="Source Files">
      <UniqueIdentifier>{4FC737F1-C7A5-4376-A066-2A32D752A2FF}</UniqueIdentifier>
      <Extensions>cpp;c;cc;cxx;c++;cppm;ixx;def;odl;idl;hpj;bat;asm;asmx</Extensions>
    </Filter>
    <Filter Include="Header Files">
      <UniqueIdentifier>{93995380-89BD-4b04-88EB-625FBE52EBFB}</UniqueIdentifier>
      <Extensions>h;hh;hpp;hxx;h++;hm;inl;inc;ipp;xsd</Extensions>
    </Filter>
    <Filter Include="Resource Files">
      <UniqueIdentifier>{67DA6AB6-F800-4c08-8B7A-83BB121AAD01}</UniqueIdentifier>
      <Extensions>rc;ico;cur;bmp;dlg;rc2;rct;bin;rgs;gif;jpg;jpeg;jpe;resx;tiff;tif;png;wav;mfcribbon-ms</Extensions>
    </Filter>
    <Filter Include="Header Files\memory">
      <UniqueIdentifier>{f0dd8c82-da84-4ebd-a05c-77d393b74285}</UniqueIdentifier>
    </Filter>
    <Filter Include="Source Files\memory">
      <UniqueIdentifier>{30efbb41-0e4c-432c-b755-ba8536e5f5e6}</UniqueIdentifier>
    </Filter>
    <Filter Include="Source Files\helpers">
      <UniqueIdentifier>{62f5607d-ae22-4c41-a59c-1ab9e2dd53fa}</UniqueIdentifier>
    </Filter>
    <Filter Include="Header Files\helpers">
      <UniqueIdentifier>{527e20ee-c27c-458f-94eb-b5dffd5cee70}</UniqueIdentifier>
    </Filter>
    <Filter Include="Header Files\hooks">
      <UniqueIdentifier>{2a875da1-9bd1-4ad1-b132-3b7111729135}</UniqueIdentifier>
    </Filter>
    <Filter Include="Source Files\hooks">
      <UniqueIdentifier>{0c1bd18a-139b-47e6-8e00-c3d3228346a9}</UniqueIdentifier>
    </Filter>
    <Filter Include="Source Files\other">
      <UniqueIdentifier>{49dbe278-85aa-4b42-9831-fd53aef2022c}</UniqueIdentifier>
    </Filter>
    <Filter Include="Header Files\other">
      <UniqueIdentifier>{ea0b750a-50aa-4748-b13c-f4ea87ac3bd1}</UniqueIdentifier>
    </Filter>
    <Filter Include="Header Files\everquest">
      <UniqueIdentifier>{e5b39775-cb23-4102-bd7f-bbe1b3043de2}</UniqueIdentifier>
    </Filter>
  </ItemGroup>
  <ItemGroup>
    <ClInclude Include="framework.h">
      <Filter>Header Files</Filter>
    </ClInclude>
    <ClInclude Include="pch.h">
      <Filter>Header Files</Filter>
    </ClInclude>
    <ClInclude Include="memory.h">
      <Filter>Header Files\memory</Filter>
    </ClInclude>
    <ClInclude Include="hook_wrapper.h">
      <Filter>Header Files\memory</Filter>
    </ClInclude>
    <ClInclude Include="vectors.h">
      <Filter>Header Files\helpers</Filter>
    </ClInclude>
    <ClInclude Include="camera_mods.h">
      <Filter>Header Files\hooks</Filter>
    </ClInclude>
    <ClInclude Include="FindPattern.h">
      <Filter>Header Files\memory</Filter>
    </ClInclude>
    <ClInclude Include="Zeal.h">
      <Filter>Header Files</Filter>
    </ClInclude>
    <ClInclude Include="looting.h">
      <Filter>Header Files\hooks</Filter>
    </ClInclude>
    <ClInclude Include="labels.h">
      <Filter>Header Files\hooks</Filter>
    </ClInclude>
    <ClInclude Include="binds.h">
      <Filter>Header Files\hooks</Filter>
    </ClInclude>
    <ClInclude Include="commands.h">
      <Filter>Header Files\hooks</Filter>
    </ClInclude>
    <ClInclude Include="main_loop.h">
      <Filter>Header Files\hooks</Filter>
    </ClInclude>
    <ClInclude Include="experience.h">
      <Filter>Header Files\other</Filter>
    </ClInclude>
    <ClInclude Include="cycle_target.h">
      <Filter>Header Files\other</Filter>
    </ClInclude>
    <ClInclude Include="IO_ini.h">
      <Filter>Header Files</Filter>
    </ClInclude>
    <ClInclude Include="resource.h">
      <Filter>Header Files</Filter>
    </ClInclude>
    <ClInclude Include="InstructionLength.h">
      <Filter>Header Files</Filter>
    </ClInclude>
    <ClInclude Include="raid.h">
      <Filter>Header Files\hooks</Filter>
    </ClInclude>
    <ClInclude Include="eqstr.h">
      <Filter>Header Files\hooks</Filter>
    </ClInclude>
    <ClInclude Include="chat.h">
      <Filter>Header Files\hooks</Filter>
    </ClInclude>
    <ClInclude Include="StringUtil.h">
      <Filter>Header Files</Filter>
    </ClInclude>
    <ClInclude Include="outputfile.h">
      <Filter>Header Files\other</Filter>
    </ClInclude>
    <ClInclude Include="buff_timers.h">
      <Filter>Header Files\other</Filter>
    </ClInclude>
    <ClInclude Include="camera_math.h">
      <Filter>Header Files</Filter>
    </ClInclude>
    <ClInclude Include="spellsets.h">
      <Filter>Header Files</Filter>
    </ClInclude>
    <ClInclude Include="EqAddresses.h">
      <Filter>Header Files\everquest</Filter>
    </ClInclude>
    <ClInclude Include="EqFunctions.h">
      <Filter>Header Files\everquest</Filter>
    </ClInclude>
    <ClInclude Include="EqStructures.h">
      <Filter>Header Files\everquest</Filter>
    </ClInclude>
    <ClInclude Include="EqUI.h">
      <Filter>Header Files\everquest</Filter>
    </ClInclude>
    <ClInclude Include="SpellCategories.h">
      <Filter>Header Files\everquest</Filter>
    </ClInclude>
    <ClInclude Include="alarm.h">
      <Filter>Header Files\other</Filter>
    </ClInclude>
    <ClInclude Include="player_movement.h">
      <Filter>Header Files\other</Filter>
    </ClInclude>
    <ClInclude Include="netstat.h">
      <Filter>Header Files\other</Filter>
    </ClInclude>
    <ClInclude Include="UIOptions.h">
      <Filter>Header Files\other</Filter>
    </ClInclude>
    <ClInclude Include="item_display.h">
      <Filter>Header Files\hooks</Filter>
    </ClInclude>
  </ItemGroup>
  <ItemGroup>
    <ClCompile Include="dllmain.cpp">
      <Filter>Source Files</Filter>
    </ClCompile>
    <ClCompile Include="hook_wrapper.cpp">
      <Filter>Source Files\memory</Filter>
    </ClCompile>
    <ClCompile Include="memory.cpp">
      <Filter>Source Files\memory</Filter>
    </ClCompile>
    <ClCompile Include="EqFunctions.cpp">
      <Filter>Source Files</Filter>
    </ClCompile>
    <ClCompile Include="vectors.cpp">
      <Filter>Source Files\helpers</Filter>
    </ClCompile>
    <ClCompile Include="camera_mods.cpp">
      <Filter>Source Files\hooks</Filter>
    </ClCompile>
    <ClCompile Include="FindPattern.cpp">
      <Filter>Source Files\memory</Filter>
    </ClCompile>
    <ClCompile Include="Zeal.cpp">
      <Filter>Source Files</Filter>
    </ClCompile>
    <ClCompile Include="looting.cpp">
      <Filter>Source Files\hooks</Filter>
    </ClCompile>
    <ClCompile Include="labels.cpp">
      <Filter>Source Files\hooks</Filter>
    </ClCompile>
    <ClCompile Include="binds.cpp">
      <Filter>Source Files\hooks</Filter>
    </ClCompile>
    <ClCompile Include="commands.cpp">
      <Filter>Source Files\hooks</Filter>
    </ClCompile>
    <ClCompile Include="main_loop.cpp">
      <Filter>Source Files\hooks</Filter>
    </ClCompile>
    <ClCompile Include="experience.cpp">
      <Filter>Source Files\other</Filter>
    </ClCompile>
    <ClCompile Include="cycle_target.cpp">
      <Filter>Source Files\other</Filter>
    </ClCompile>
    <ClCompile Include="raid.cpp">
      <Filter>Source Files\hooks</Filter>
    </ClCompile>
    <ClCompile Include="eqstr.cpp">
      <Filter>Source Files\hooks</Filter>
    </ClCompile>
    <ClCompile Include="chat.cpp">
      <Filter>Source Files\hooks</Filter>
    </ClCompile>
    <ClCompile Include="StringUtil.cpp">
      <Filter>Source Files</Filter>
    </ClCompile>
    <ClCompile Include="outputfile.cpp">
      <Filter>Source Files\other</Filter>
    </ClCompile>
    <ClCompile Include="buff_timers.cpp">
      <Filter>Source Files\other</Filter>
    </ClCompile>
    <ClCompile Include="spellsets.cpp">
      <Filter>Source Files\hooks</Filter>
    </ClCompile>
    <ClCompile Include="camera_math.cpp">
      <Filter>Source Files\helpers</Filter>
    </ClCompile>
    <ClCompile Include="alarm.cpp">
      <Filter>Source Files\other</Filter>
    </ClCompile>
    <ClCompile Include="player_movement.cpp">
      <Filter>Source Files\other</Filter>
    </ClCompile>
    <ClCompile Include="netstat.cpp">
      <Filter>Source Files\other</Filter>
    </ClCompile>
    <ClCompile Include="UIOptions.cpp">
      <Filter>Source Files\other</Filter>
    </ClCompile>
    <ClCompile Include="item_display.cpp">
      <Filter>Source Files\hooks</Filter>
    </ClCompile>
  </ItemGroup>
  <ItemGroup>
    <ResourceCompile Include="Zeal.rc">
      <Filter>Resource Files</Filter>
    </ResourceCompile>
  </ItemGroup>
</Project>